PODS:
  - HyperSDK (2.2.2):
    - JuspaySafeBrowser (= 0.1.84)
    - Salvator (= 1.0.6)
  - JuspaySafeBrowser (0.1.84)
  - Salvator (1.0.6)

DEPENDENCIES:
  - HyperSDK (= 2.2.2)

SPEC REPOS:
  trunk:
    - HyperSDK
    - JuspaySafeBrowser
    - Salvator

SPEC CHECKSUMS:
  HyperSDK: 653f618de09696305b9b705555019ecbbacc10b0
  JuspaySafeBrowser: caa2c1a54405f30210ba9d324cf79224e719134d
  Salvator: 1de69620ac17123ba3491e27a9a8b35bc5b97eaa

PODFILE CHECKSUM: ed45bc7ea210af295a36ffd099e207296c3eb1b6

COCOAPODS: 1.16.2
